
Microsoft Visual Studio Solution File, Format Version 12.00
# Visual Studio 14
VisualStudioVersion = 14.0.25420.1
MinimumVisualStudioVersion = 10.0.40219.1
Project("{FAE04EC0-301F-11D3-BF4B-00C04F79EFBC}") = "LxUtilities.Services", "LxUtilities.Services\LxUtilities.Services.csproj", "{DC54A4EC-DC64-45CC-8BA6-CFDFCEE3CA4D}"
EndProject
Project("{2150E333-8FDC-42A3-9474-1A3956D46DE8}") = "_Utilities", "_Utilities", "{3FF503FC-39B0-46FC-9C86-02B80DF60DC1}"
EndProject
Project("{2150E333-8FDC-42A3-9474-1A3956D46DE8}") = "Services", "Services", "{FC1656D6-D2C8-4A18-A564-B26E0B60C947}"
EndProject
Project("{FAE04EC0-301F-11D3-BF4B-00C04F79EFBC}") = "LxUtilities.Services.Tests", "LxUtilities.Services.Tests\LxUtilities.Services.Tests.csproj", "{EEBD04D1-7C22-4D5B-B78E-BD397E0E8FE8}"
EndProject
Project("{FAE04EC0-301F-11D3-BF4B-00C04F79EFBC}") = "LxUtilities.Definitions", "LxUtilities.Definitions\LxUtilities.Definitions.csproj", "{87AB8C51-D350-4655-A0DA-FFF04BA5B69D}"
EndProject
Project("{2150E333-8FDC-42A3-9474-1A3956D46DE8}") = "IdentityContext", "IdentityContext", "{FD168C06-8819-45F8-BEBF-7830E8DB2EE4}"
EndProject
Project("{FAE04EC0-301F-11D3-BF4B-00C04F79EFBC}") = "Identity.Domain", "Identity.Domain\Identity.Domain.csproj", "{F55D3996-9E63-4DD2-A4A1-6BEC2106E8DD}"
EndProject
Project("{FAE04EC0-301F-11D3-BF4B-00C04F79EFBC}") = "Identity.Persistence", "Identity.Persistence\Identity.Persistence.csproj", "{646C3EE1-08FF-43AA-95A3-621E789F7299}"
EndProject
Project("{2150E333-8FDC-42A3-9474-1A3956D46DE8}") = "Adpters", "Adpters", "{005A303A-C9F5-4EA7-85C4-AEDA7AD4D354}"
EndProject
Project("{2150E333-8FDC-42A3-9474-1A3956D46DE8}") = "Ports", "Ports", "{2667D271-739E-4242-A73C-27913B91A1C8}"
EndProject
Project("{FAE04EC0-301F-11D3-BF4B-00C04F79EFBC}") = "Identity.Ports", "Identity.Ports\Identity.Ports.csproj", "{F51DA426-5F78-4A1E-B219-47690EAF7A3C}"
EndProject
Project("{2150E333-8FDC-42A3-9474-1A3956D46DE8}") = "_Tests", "_Tests", "{9F83382D-3202-4229-A2D3-DD084CFF71ED}"
EndProject
Project("{FAE04EC0-301F-11D3-BF4B-00C04F79EFBC}") = "Identity.Persistence.Tests", "Identity.Persistence.Tests\Identity.Persistence.Tests.csproj", "{C0091148-CE14-4BCE-998E-3A16FB5E25CA}"
EndProject
Global
	GlobalSection(SolutionConfigurationPlatforms) = preSolution
		Debug|Any CPU = Debug|Any CPU
		Release|Any CPU = Release|Any CPU
	EndGlobalSection
	GlobalSection(ProjectConfigurationPlatforms) = postSolution
		{DC54A4EC-DC64-45CC-8BA6-CFDFCEE3CA4D}.Debug|Any CPU.ActiveCfg = Debug|Any CPU
		{DC54A4EC-DC64-45CC-8BA6-CFDFCEE3CA4D}.Debug|Any CPU.Build.0 = Debug|Any CPU
		{DC54A4EC-DC64-45CC-8BA6-CFDFCEE3CA4D}.Release|Any CPU.ActiveCfg = Release|Any CPU
		{DC54A4EC-DC64-45CC-8BA6-CFDFCEE3CA4D}.Release|Any CPU.Build.0 = Release|Any CPU
		{EEBD04D1-7C22-4D5B-B78E-BD397E0E8FE8}.Debug|Any CPU.ActiveCfg = Debug|Any CPU
		{EEBD04D1-7C22-4D5B-B78E-BD397E0E8FE8}.Debug|Any CPU.Build.0 = Debug|Any CPU
		{EEBD04D1-7C22-4D5B-B78E-BD397E0E8FE8}.Release|Any CPU.ActiveCfg = Release|Any CPU
		{EEBD04D1-7C22-4D5B-B78E-BD397E0E8FE8}.Release|Any CPU.Build.0 = Release|Any CPU
		{87AB8C51-D350-4655-A0DA-FFF04BA5B69D}.Debug|Any CPU.ActiveCfg = Debug|Any CPU
		{87AB8C51-D350-4655-A0DA-FFF04BA5B69D}.Debug|Any CPU.Build.0 = Debug|Any CPU
		{87AB8C51-D350-4655-A0DA-FFF04BA5B69D}.Release|Any CPU.ActiveCfg = Release|Any CPU
		{87AB8C51-D350-4655-A0DA-FFF04BA5B69D}.Release|Any CPU.Build.0 = Release|Any CPU
		{F55D3996-9E63-4DD2-A4A1-6BEC2106E8DD}.Debug|Any CPU.ActiveCfg = Debug|Any CPU
		{F55D3996-9E63-4DD2-A4A1-6BEC2106E8DD}.Debug|Any CPU.Build.0 = Debug|Any CPU
		{F55D3996-9E63-4DD2-A4A1-6BEC2106E8DD}.Release|Any CPU.ActiveCfg = Release|Any CPU
		{F55D3996-9E63-4DD2-A4A1-6BEC2106E8DD}.Release|Any CPU.Build.0 = Release|Any CPU
		{646C3EE1-08FF-43AA-95A3-621E789F7299}.Debug|Any CPU.ActiveCfg = Debug|Any CPU
		{646C3EE1-08FF-43AA-95A3-621E789F7299}.Debug|Any CPU.Build.0 = Debug|Any CPU
		{646C3EE1-08FF-43AA-95A3-621E789F7299}.Release|Any CPU.ActiveCfg = Release|Any CPU
		{646C3EE1-08FF-43AA-95A3-621E789F7299}.Release|Any CPU.Build.0 = Release|Any CPU
		{F51DA426-5F78-4A1E-B219-47690EAF7A3C}.Debug|Any CPU.ActiveCfg = Debug|Any CPU
		{F51DA426-5F78-4A1E-B219-47690EAF7A3C}.Debug|Any CPU.Build.0 = Debug|Any CPU
		{F51DA426-5F78-4A1E-B219-47690EAF7A3C}.Release|Any CPU.ActiveCfg = Release|Any CPU
		{F51DA426-5F78-4A1E-B219-47690EAF7A3C}.Release|Any CPU.Build.0 = Release|Any CPU
		{C0091148-CE14-4BCE-998E-3A16FB5E25CA}.Debug|Any CPU.ActiveCfg = Debug|Any CPU
		{C0091148-CE14-4BCE-998E-3A16FB5E25CA}.Debug|Any CPU.Build.0 = Debug|Any CPU
		{C0091148-CE14-4BCE-998E-3A16FB5E25CA}.Release|Any CPU.ActiveCfg = Release|Any CPU
		{C0091148-CE14-4BCE-998E-3A16FB5E25CA}.Release|Any CPU.Build.0 = Release|Any CPU
	EndGlobalSection
	GlobalSection(SolutionProperties) = preSolution
		HideSolutionNode = FALSE
	EndGlobalSection
	GlobalSection(NestedProjects) = preSolution
		{DC54A4EC-DC64-45CC-8BA6-CFDFCEE3CA4D} = {3FF503FC-39B0-46FC-9C86-02B80DF60DC1}
		{EEBD04D1-7C22-4D5B-B78E-BD397E0E8FE8} = {3FF503FC-39B0-46FC-9C86-02B80DF60DC1}
		{87AB8C51-D350-4655-A0DA-FFF04BA5B69D} = {3FF503FC-39B0-46FC-9C86-02B80DF60DC1}
		{FD168C06-8819-45F8-BEBF-7830E8DB2EE4} = {FC1656D6-D2C8-4A18-A564-B26E0B60C947}
		{F55D3996-9E63-4DD2-A4A1-6BEC2106E8DD} = {FD168C06-8819-45F8-BEBF-7830E8DB2EE4}
		{646C3EE1-08FF-43AA-95A3-621E789F7299} = {005A303A-C9F5-4EA7-85C4-AEDA7AD4D354}
		{005A303A-C9F5-4EA7-85C4-AEDA7AD4D354} = {FD168C06-8819-45F8-BEBF-7830E8DB2EE4}
		{2667D271-739E-4242-A73C-27913B91A1C8} = {FD168C06-8819-45F8-BEBF-7830E8DB2EE4}
		{F51DA426-5F78-4A1E-B219-47690EAF7A3C} = {2667D271-739E-4242-A73C-27913B91A1C8}
		{9F83382D-3202-4229-A2D3-DD084CFF71ED} = {FD168C06-8819-45F8-BEBF-7830E8DB2EE4}
		{C0091148-CE14-4BCE-998E-3A16FB5E25CA} = {9F83382D-3202-4229-A2D3-DD084CFF71ED}
	EndGlobalSection
EndGlobal
