
Microsoft Visual Studio Solution File, Format Version 12.00
# Visual Studio 14
VisualStudioVersion = 14.0.25420.1
MinimumVisualStudioVersion = 10.0.40219.1
Project("{FAE04EC0-301F-11D3-BF4B-00C04F79EFBC}") = "LxUtilities.Services", "LxUtilities.Services\LxUtilities.Services.csproj", "{DC54A4EC-DC64-45CC-8BA6-CFDFCEE3CA4D}"
EndProject
Project("{2150E333-8FDC-42A3-9474-1A3956D46DE8}") = "_Utilities", "_Utilities", "{3FF503FC-39B0-46FC-9C86-02B80DF60DC1}"
EndProject
Project("{2150E333-8FDC-42A3-9474-1A3956D46DE8}") = "Services", "Services", "{FC1656D6-D2C8-4A18-A564-B26E0B60C947}"
EndProject
Project("{FAE04EC0-301F-11D3-BF4B-00C04F79EFBC}") = "LxUtilities.Services.Tests", "LxUtilities.Services.Tests\LxUtilities.Services.Tests.csproj", "{EEBD04D1-7C22-4D5B-B78E-BD397E0E8FE8}"
EndProject
Project("{FAE04EC0-301F-11D3-BF4B-00C04F79EFBC}") = "LxUtilities.Definitions", "LxUtilities.Definitions\LxUtilities.Definitions.csproj", "{87AB8C51-D350-4655-A0DA-FFF04BA5B69D}"
EndProject
Global
	GlobalSection(SolutionConfigurationPlatforms) = preSolution
		Debug|Any CPU = Debug|Any CPU
		Release|Any CPU = Release|Any CPU
	EndGlobalSection
	GlobalSection(ProjectConfigurationPlatforms) = postSolution
		{DC54A4EC-DC64-45CC-8BA6-CFDFCEE3CA4D}.Debug|Any CPU.ActiveCfg = Debug|Any CPU
		{DC54A4EC-DC64-45CC-8BA6-CFDFCEE3CA4D}.Debug|Any CPU.Build.0 = Debug|Any CPU
		{DC54A4EC-DC64-45CC-8BA6-CFDFCEE3CA4D}.Release|Any CPU.ActiveCfg = Release|Any CPU
		{DC54A4EC-DC64-45CC-8BA6-CFDFCEE3CA4D}.Release|Any CPU.Build.0 = Release|Any CPU
		{EEBD04D1-7C22-4D5B-B78E-BD397E0E8FE8}.Debug|Any CPU.ActiveCfg = Debug|Any CPU
		{EEBD04D1-7C22-4D5B-B78E-BD397E0E8FE8}.Debug|Any CPU.Build.0 = Debug|Any CPU
		{EEBD04D1-7C22-4D5B-B78E-BD397E0E8FE8}.Release|Any CPU.ActiveCfg = Release|Any CPU
		{EEBD04D1-7C22-4D5B-B78E-BD397E0E8FE8}.Release|Any CPU.Build.0 = Release|Any CPU
		{87AB8C51-D350-4655-A0DA-FFF04BA5B69D}.Debug|Any CPU.ActiveCfg = Debug|Any CPU
		{87AB8C51-D350-4655-A0DA-FFF04BA5B69D}.Debug|Any CPU.Build.0 = Debug|Any CPU
		{87AB8C51-D350-4655-A0DA-FFF04BA5B69D}.Release|Any CPU.ActiveCfg = Release|Any CPU
		{87AB8C51-D350-4655-A0DA-FFF04BA5B69D}.Release|Any CPU.Build.0 = Release|Any CPU
	EndGlobalSection
	GlobalSection(SolutionProperties) = preSolution
		HideSolutionNode = FALSE
	EndGlobalSection
	GlobalSection(NestedProjects) = preSolution
		{DC54A4EC-DC64-45CC-8BA6-CFDFCEE3CA4D} = {3FF503FC-39B0-46FC-9C86-02B80DF60DC1}
		{EEBD04D1-7C22-4D5B-B78E-BD397E0E8FE8} = {3FF503FC-39B0-46FC-9C86-02B80DF60DC1}
		{87AB8C51-D350-4655-A0DA-FFF04BA5B69D} = {3FF503FC-39B0-46FC-9C86-02B80DF60DC1}
	EndGlobalSection
EndGlobal
